
Microsoft Visual Studio Solution File, Format Version 12.00
# Visual Studio Version 17
VisualStudioVersion = 17.10.35027.167
MinimumVisualStudioVersion = 10.0.40219.1
Project("{FAE04EC0-301F-11D3-BF4B-00C04F79EFBC}") = "DMAWS_T2305M_ChuTuanLinh", "DMAWS_T2305M_ChuTuanLinh\DMAWS_T2305M_ChuTuanLinh.csproj", "{EF79E1AB-08D1-4E56-BC19-8421032CD2B3}"
EndProject
Global
	GlobalSection(SolutionConfigurationPlatforms) = preSolution
		Debug|Any CPU = Debug|Any CPU
		Release|Any CPU = Release|Any CPU
	EndGlobalSection
	GlobalSection(ProjectConfigurationPlatforms) = postSolution
		{EF79E1AB-08D1-4E56-BC19-8421032CD2B3}.Debug|Any CPU.ActiveCfg = Debug|Any CPU
		{EF79E1AB-08D1-4E56-BC19-8421032CD2B3}.Debug|Any CPU.Build.0 = Debug|Any CPU
		{EF79E1AB-08D1-4E56-BC19-8421032CD2B3}.Release|Any CPU.ActiveCfg = Release|Any CPU
		{EF79E1AB-08D1-4E56-BC19-8421032CD2B3}.Release|Any CPU.Build.0 = Release|Any CPU
	EndGlobalSection
	GlobalSection(SolutionProperties) = preSolution
		HideSolutionNode = FALSE
	EndGlobalSection
	GlobalSection(ExtensibilityGlobals) = postSolution
		SolutionGuid = {8B8BCDE7-88A5-4282-B14B-6143BF0C46B2}
	EndGlobalSection
EndGlobal
